// !$*UTF8*$!
{
	archiveVersion = 1;
	classes = {
	};
	objectVersion = 46;
	objects = {

/* Begin PBXBuildFile section */
		694D48411BAA936300D45F04 /* main.m in Sources */ = {isa = PBXBuildFile; fileRef = 694D48401BAA936300D45F04 /* main.m */; };
		694D48441BAA936300D45F04 /* AppDelegate.m in Sources */ = {isa = PBXBuildFile; fileRef = 694D48431BAA936300D45F04 /* AppDelegate.m */; };
		694D48471BAA936300D45F04 /* ViewController.m in Sources */ = {isa = PBXBuildFile; fileRef = 694D48461BAA936300D45F04 /* ViewController.m */; };
		694D484A1BAA936300D45F04 /* Main.storyboard in Resources */ = {isa = PBXBuildFile; fileRef = 694D48481BAA936300D45F04 /* Main.storyboard */; };
		694D484C1BAA936300D45F04 /* Images.xcassets in Resources */ = {isa = PBXBuildFile; fileRef = 694D484B1BAA936300D45F04 /* Images.xcassets */; };
		694D484F1BAA936300D45F04 /* LaunchScreen.xib in Resources */ = {isa = PBXBuildFile; fileRef = 694D484D1BAA936300D45F04 /* LaunchScreen.xib */; };
		694D485B1BAA936300D45F04 /* AlcolaterTests.m in Sources */ = {isa = PBXBuildFile; fileRef = 694D485A1BAA936300D45F04 /* AlcolaterTests.m */; };
/* End PBXBuildFile section */

/* Begin PBXContainerItemProxy section */
		694D48551BAA936300D45F04 /* PBXContainerItemProxy */ = {
			isa = PBXContainerItemProxy;
			containerPortal = 694D48331BAA936200D45F04 /* Project object */;
			proxyType = 1;
			remoteGlobalIDString = 694D483A1BAA936200D45F04;
			remoteInfo = Alcolater;
		};
/* End PBXContainerItemProxy section */

/* Begin PBXFileReference section */
		694D483B1BAA936200D45F04 /* Alcolater.app */ = {isa = PBXFileReference; explicitFileType = wrapper.application; includeInIndex = 0; path = Alcolater.app; sourceTree = BUILT_PRODUCTS_DIR; };
		694D483F1BAA936300D45F04 /* Info.plist */ = {isa = PBXFileReference; lastKnownFileType = text.plist.xml; path = Info.plist; sourceTree = "<group>"; };
		694D48401BAA936300D45F04 /* main.m */ = {isa = PBXFileReference; lastKnownFileType = sourcecode.c.objc; path = main.m; sourceTree = "<group>"; };
		694D48421BAA936300D45F04 /* AppDelegate.h */ = {isa = PBXFileReference; lastKnownFileType = sourcecode.c.h; path = AppDelegate.h; sourceTree = "<group>"; };
		694D48431BAA936300D45F04 /* AppDelegate.m */ = {isa = PBXFileReference; lastKnownFileType = sourcecode.c.objc; path = AppDelegate.m; sourceTree = "<group>"; };
		694D48451BAA936300D45F04 /* ViewController.h */ = {isa = PBXFileReference; lastKnownFileType = sourcecode.c.h; path = ViewController.h; sourceTree = "<group>"; };
		694D48461BAA936300D45F04 /* ViewController.m */ = {isa = PBXFileReference; lastKnownFileType = sourcecode.c.objc; path = ViewController.m; sourceTree = "<group>"; };
		694D48491BAA936300D45F04 /* Base */ = {isa = PBXFileReference; lastKnownFileType = file.storyboard; name = Base; path = Base.lproj/Main.storyboard; sourceTree = "<group>"; };
		694D484B1BAA936300D45F04 /* Images.xcassets */ = {isa = PBXFileReference; lastKnownFileType = folder.assetcatalog; path = Images.xcassets; sourceTree = "<group>"; };
		694D484E1BAA936300D45F04 /* Base */ = {isa = PBXFileReference; lastKnownFileType = file.xib; name = Base; path = Base.lproj/LaunchScreen.xib; sourceTree = "<group>"; };
		694D48541BAA936300D45F04 /* AlcolaterTests.xctest */ = {isa = PBXFileReference; explicitFileType = wrapper.cfbundle; includeInIndex = 0; path = AlcolaterTests.xctest; sourceTree = BUILT_PRODUCTS_DIR; };
		694D48591BAA936300D45F04 /* Info.plist */ = {isa = PBXFileReference; lastKnownFileType = text.plist.xml; path = Info.plist; sourceTree = "<group>"; };
		694D485A1BAA936300D45F04 /* AlcolaterTests.m */ = {isa = PBXFileReference; lastKnownFileType = sourcecode.c.objc; path = AlcolaterTests.m; sourceTree = "<group>"; };
/* End PBXFileReference section */

/* Begin PBXFrameworksBuildPhase section */
		694D48381BAA936200D45F04 /* Frameworks */ = {
			isa = PBXFrameworksBuildPhase;
			buildActionMask = 2147483647;
			files = (
			);
			runOnlyForDeploymentPostprocessing = 0;
		};
		694D48511BAA936300D45F04 /* Frameworks */ = {
			isa = PBXFrameworksBuildPhase;
			buildActionMask = 2147483647;
			files = (
			);
			runOnlyForDeploymentPostprocessing = 0;
		};
/* End PBXFrameworksBuildPhase section */

/* Begin PBXGroup section */
		694D48321BAA936200D45F04 = {
			isa = PBXGroup;
			children = (
				694D483D1BAA936200D45F04 /* Alcolater */,
				694D48571BAA936300D45F04 /* AlcolaterTests */,
				694D483C1BAA936200D45F04 /* Products */,
			);
			sourceTree = "<group>";
		};
		694D483C1BAA936200D45F04 /* Products */ = {
			isa = PBXGroup;
			children = (
				694D483B1BAA936200D45F04 /* Alcolater.app */,
				694D48541BAA936300D45F04 /* AlcolaterTests.xctest */,
			);
			name = Products;
			sourceTree = "<group>";
		};
		694D483D1BAA936200D45F04 /* Alcolater */ = {
			isa = PBXGroup;
			children = (
				694D48421BAA936300D45F04 /* AppDelegate.h */,
				694D48431BAA936300D45F04 /* AppDelegate.m */,
				694D48451BAA936300D45F04 /* ViewController.h */,
				694D48461BAA936300D45F04 /* ViewController.m */,
				694D48481BAA936300D45F04 /* Main.storyboard */,
				694D484B1BAA936300D45F04 /* Images.xcassets */,
				694D484D1BAA936300D45F04 /* LaunchScreen.xib */,
				694D483E1BAA936300D45F04 /* Supporting Files */,
			);
			path = Alcolater;
			sourceTree = "<group>";
		};
		694D483E1BAA936300D45F04 /* Supporting Files */ = {
			isa = PBXGroup;
			children = (
				694D483F1BAA936300D45F04 /* Info.plist */,
				694D48401BAA936300D45F04 /* main.m */,
			);
			name = "Supporting Files";
			sourceTree = "<group>";
		};
		694D48571BAA936300D45F04 /* AlcolaterTests */ = {
			isa = PBXGroup;
			children = (
				694D485A1BAA936300D45F04 /* AlcolaterTests.m */,
				694D48581BAA936300D45F04 /* Supporting Files */,
			);
			path = AlcolaterTests;
			sourceTree = "<group>";
		};
		694D48581BAA936300D45F04 /* Supporting Files */ = {
			isa = PBXGroup;
			children = (
				694D48591BAA936300D45F04 /* Info.plist */,
			);
			name = "Supporting Files";
			sourceTree = "<group>";
		};
/* End PBXGroup section */

/* Begin PBXNativeTarget section */
		694D483A1BAA936200D45F04 /* Alcolater */ = {
			isa = PBXNativeTarget;
			buildConfigurationList = 694D485E1BAA936300D45F04 /* Build configuration list for PBXNativeTarget "Alcolater" */;
			buildPhases = (
				694D48371BAA936200D45F04 /* Sources */,
				694D48381BAA936200D45F04 /* Frameworks */,
				694D48391BAA936200D45F04 /* Resources */,
			);
			buildRules = (
			);
			dependencies = (
			);
			name = Alcolater;
			productName = Alcolater;
			productReference = 694D483B1BAA936200D45F04 /* Alcolater.app */;
			productType = "com.apple.product-type.application";
		};
		694D48531BAA936300D45F04 /* AlcolaterTests */ = {
			isa = PBXNativeTarget;
			buildConfigurationList = 694D48611BAA936300D45F04 /* Build configuration list for PBXNativeTarget "AlcolaterTests" */;
			buildPhases = (
				694D48501BAA936300D45F04 /* Sources */,
				694D48511BAA936300D45F04 /* Frameworks */,
				694D48521BAA936300D45F04 /* Resources */,
			);
			buildRules = (
			);
			dependencies = (
				694D48561BAA936300D45F04 /* PBXTargetDependency */,
			);
			name = AlcolaterTests;
			productName = AlcolaterTests;
			productReference = 694D48541BAA936300D45F04 /* AlcolaterTests.xctest */;
			productType = "com.apple.product-type.bundle.unit-test";
		};
/* End PBXNativeTarget section */

/* Begin PBXProject section */
		694D48331BAA936200D45F04 /* Project object */ = {
			isa = PBXProject;
			attributes = {
				LastUpgradeCheck = 0640;
				ORGANIZATIONNAME = Bloc;
				TargetAttributes = {
					694D483A1BAA936200D45F04 = {
						CreatedOnToolsVersion = 6.4;
					};
					694D48531BAA936300D45F04 = {
						CreatedOnToolsVersion = 6.4;
						TestTargetID = 694D483A1BAA936200D45F04;
					};
				};
			};
			buildConfigurationList = 694D48361BAA936200D45F04 /* Build configuration list for PBXProject "Alcolater" */;
			compatibilityVersion = "Xcode 3.2";
			developmentRegion = English;
			hasScannedForEncodings = 0;
			knownRegions = (
				en,
				Base,
			);
			mainGroup = 694D48321BAA936200D45F04;
			productRefGroup = 694D483C1BAA936200D45F04 /* Products */;
			projectDirPath = "";
			projectRoot = "";
			targets = (
				694D483A1BAA936200D45F04 /* Alcolater */,
				694D48531BAA936300D45F04 /* AlcolaterTests */,
			);
		};
/* End PBXProject section */

/* Begin PBXResourcesBuildPhase section */
		694D48391BAA936200D45F04 /* Resources */ = {
			isa = PBXResourcesBuildPhase;
			buildActionMask = 2147483647;
			files = (
				694D484A1BAA936300D45F04 /* Main.storyboard in Resources */,
				694D484F1BAA936300D45F04 /* LaunchScreen.xib in Resources */,
				694D484C1BAA936300D45F04 /* Images.xcassets in Resources */,
			);
			runOnlyForDeploymentPostprocessing = 0;
		};
		694D48521BAA936300D45F04 /* Resources */ = {
			isa = PBXResourcesBuildPhase;
			buildActionMask = 2147483647;
			files = (
			);
			runOnlyForDeploymentPostprocessing = 0;
		};
/* End PBXResourcesBuildPhase section */

/* Begin PBXSourcesBuildPhase section */
		694D48371BAA936200D45F04 /* Sources */ = {
			isa = PBXSourcesBuildPhase;
			buildActionMask = 2147483647;
			files = (
				694D48471BAA936300D45F04 /* ViewController.m in Sources */,
				694D48441BAA936300D45F04 /* AppDelegate.m in Sources */,
				694D48411BAA936300D45F04 /* main.m in Sources */,
			);
			runOnlyForDeploymentPostprocessing = 0;
		};
		694D48501BAA936300D45F04 /* Sources */ = {
			isa = PBXSourcesBuildPhase;
			buildActionMask = 2147483647;
			files = (
				694D485B1BAA936300D45F04 /* AlcolaterTests.m in Sources */,
			);
			runOnlyForDeploymentPostprocessing = 0;
		};
/* End PBXSourcesBuildPhase section */

/* Begin PBXTargetDependency section */
		694D48561BAA936300D45F04 /* PBXTargetDependency */ = {
			isa = PBXTargetDependency;
			target = 694D483A1BAA936200D45F04 /* Alcolater */;
			targetProxy = 694D48551BAA936300D45F04 /* PBXContainerItemProxy */;
		};
/* End PBXTargetDependency section */

/* Begin PBXVariantGroup section */
		694D48481BAA936300D45F04 /* Main.storyboard */ = {
			isa = PBXVariantGroup;
			children = (
				694D48491BAA936300D45F04 /* Base */,
			);
			name = Main.storyboard;
			sourceTree = "<group>";
		};
		694D484D1BAA936300D45F04 /* LaunchScreen.xib */ = {
			isa = PBXVariantGroup;
			children = (
				694D484E1BAA936300D45F04 /* Base */,
			);
			name = LaunchScreen.xib;
			sourceTree = "<group>";
		};
/* End PBXVariantGroup section */

/* Begin XCBuildConfiguration section */
		694D485C1BAA936300D45F04 /* Debug */ = {
			isa = XCBuildConfiguration;
			buildSettings = {
				ALWAYS_SEARCH_USER_PATHS = NO;
				CLANG_CXX_LANGUAGE_STANDARD = "gnu++0x";
				CLANG_CXX_LIBRARY = "libc++";
				CLANG_ENABLE_MODULES = YES;
				CLANG_ENABLE_OBJC_ARC = YES;
				CLANG_WARN_BOOL_CONVERSION = YES;
				CLANG_WARN_CONSTANT_CONVERSION = YES;
				CLANG_WARN_DIRECT_OBJC_ISA_USAGE = YES_ERROR;
				CLANG_WARN_EMPTY_BODY = YES;
				CLANG_WARN_ENUM_CONVERSION = YES;
				CLANG_WARN_INT_CONVERSION = YES;
				CLANG_WARN_OBJC_ROOT_CLASS = YES_ERROR;
				CLANG_WARN_UNREACHABLE_CODE = YES;
				CLANG_WARN__DUPLICATE_METHOD_MATCH = YES;
				"CODE_SIGN_IDENTITY[sdk=iphoneos*]" = "iPhone Developer";
				COPY_PHASE_STRIP = NO;
				DEBUG_INFORMATION_FORMAT = "dwarf-with-dsym";
				ENABLE_STRICT_OBJC_MSGSEND = YES;
				GCC_C_LANGUAGE_STANDARD = gnu99;
				GCC_DYNAMIC_NO_PIC = NO;
				GCC_NO_COMMON_BLOCKS = YES;
				GCC_OPTIMIZATION_LEVEL = 0;
				GCC_PREPROCESSOR_DEFINITIONS = (
					"DEBUG=1",
					"$(inherited)",
				);
				GCC_SYMBOLS_PRIVATE_EXTERN = NO;
				GCC_WARN_64_TO_32_BIT_CONVERSION = YES;
				GCC_WARN_ABOUT_RETURN_TYPE = YES_ERROR;
				GCC_WARN_UNDECLARED_SELECTOR = YES;
				GCC_WARN_UNINITIALIZED_AUTOS = YES_AGGRESSIVE;
				GCC_WARN_UNUSED_FUNCTION = YES;
				GCC_WARN_UNUSED_VARIABLE = YES;
				IPHONEOS_DEPLOYMENT_TARGET = 8.4;
				MTL_ENABLE_DEBUG_INFO = YES;
				ONLY_ACTIVE_ARCH = YES;
				SDKROOT = iphoneos;
				TARGETED_DEVICE_FAMILY = "1,2";
			};
			name = Debug;
		};
		694D485D1BAA936300D45F04 /* Release */ = {
			isa = XCBuildConfiguration;
			buildSettings = {
				ALWAYS_SEARCH_USER_PATHS = NO;
				CLANG_CXX_LANGUAGE_STANDARD = "gnu++0x";
				CLANG_CXX_LIBRARY = "libc++";
				CLANG_ENABLE_MODULES = YES;
				CLANG_ENABLE_OBJC_ARC = YES;
				CLANG_WARN_BOOL_CONVERSION = YES;
				CLANG_WARN_CONSTANT_CONVERSION = YES;
				CLANG_WARN_DIRECT_OBJC_ISA_USAGE = YES_ERROR;
				CLANG_WARN_EMPTY_BODY = YES;
				CLANG_WARN_ENUM_CONVERSION = YES;
				CLANG_WARN_INT_CONVERSION = YES;
				CLANG_WARN_OBJC_ROOT_CLASS = YES_ERROR;
				CLANG_WARN_UNREACHABLE_CODE = YES;
				CLANG_WARN__DUPLICATE_METHOD_MATCH = YES;
				"CODE_SIGN_IDENTITY[sdk=iphoneos*]" = "iPhone Developer";
				COPY_PHASE_STRIP = NO;
				DEBUG_INFORMATION_FORMAT = "dwarf-with-dsym";
				ENABLE_NS_ASSERTIONS = NO;
				ENABLE_STRICT_OBJC_MSGSEND = YES;
				GCC_C_LANGUAGE_STANDARD = gnu99;
				GCC_NO_COMMON_BLOCKS = YES;
				GCC_WARN_64_TO_32_BIT_CONVERSION = YES;
				GCC_WARN_ABOUT_RETURN_TYPE = YES_ERROR;
				GCC_WARN_UNDECLARED_SELECTOR = YES;
				GCC_WARN_UNINITIALIZED_AUTOS = YES_AGGRESSIVE;
				GCC_WARN_UNUSED_FUNCTION = YES;
				GCC_WARN_UNUSED_VARIABLE = YES;
				IPHONEOS_DEPLOYMENT_TARGET = 8.4;
				MTL_ENABLE_DEBUG_INFO = NO;
				SDKROOT = iphoneos;
				TARGETED_DEVICE_FAMILY = "1,2";
				VALIDATE_PRODUCT = YES;
			};
			name = Release;
		};
		694D485F1BAA936300D45F04 /* Debug */ = {
			isa = XCBuildConfiguration;
			buildSettings = {
				ASSETCATALOG_COMPILER_APPICON_NAME = AppIcon;
				INFOPLIST_FILE = Alcolater/Info.plist;
				LD_RUNPATH_SEARCH_PATHS = "$(inherited) @executable_path/Frameworks";
				PRODUCT_NAME = "$(TARGET_NAME)";
			};
			name = Debug;
		};
		694D48601BAA936300D45F04 /* Release */ = {
			isa = XCBuildConfiguration;
			buildSettings = {
				ASSETCATALOG_COMPILER_APPICON_NAME = AppIcon;
				INFOPLIST_FILE = Alcolater/Info.plist;
				LD_RUNPATH_SEARCH_PATHS = "$(inherited) @executable_path/Frameworks";
				PRODUCT_NAME = "$(TARGET_NAME)";
			};
			name = Release;
		};
		694D48621BAA936300D45F04 /* Debug */ = {
			isa = XCBuildConfiguration;
			buildSettings = {
				BUNDLE_LOADER = "$(TEST_HOST)";
				FRAMEWORK_SEARCH_PATHS = (
					"$(SDKROOT)/Developer/Library/Frameworks",
					"$(inherited)",
				);
				GCC_PREPROCESSOR_DEFINITIONS = (
					"DEBUG=1",
					"$(inherited)",
				);
				INFOPLIST_FILE = AlcolaterTests/Info.plist;
				LD_RUNPATH_SEARCH_PATHS = "$(inherited) @executable_path/Frameworks @loader_path/Frameworks";
				PRODUCT_NAME = "$(TARGET_NAME)";
				TEST_HOST = "$(BUILT_PRODUCTS_DIR)/Alcolater.app/Alcolater";
			};
			name = Debug;
		};
		694D48631BAA936300D45F04 /* Release */ = {
			isa = XCBuildConfiguration;
			buildSettings = {
				BUNDLE_LOADER = "$(TEST_HOST)";
				FRAMEWORK_SEARCH_PATHS = (
					"$(SDKROOT)/Developer/Library/Frameworks",
					"$(inherited)",
				);
				INFOPLIST_FILE = AlcolaterTests/Info.plist;
				LD_RUNPATH_SEARCH_PATHS = "$(inherited) @executable_path/Frameworks @loader_path/Frameworks";
				PRODUCT_NAME = "$(TARGET_NAME)";
				TEST_HOST = "$(BUILT_PRODUCTS_DIR)/Alcolater.app/Alcolater";
			};
			name = Release;
		};
/* End XCBuildConfiguration section */

/* Begin XCConfigurationList section */
		694D48361BAA936200D45F04 /* Build configuration list for PBXProject "Alcolater" */ = {
			isa = XCConfigurationList;
			buildConfigurations = (
				694D485C1BAA936300D45F04 /* Debug */,
				694D485D1BAA936300D45F04 /* Release */,
			);
			defaultConfigurationIsVisible = 0;
			defaultConfigurationName = Release;
		};
		694D485E1BAA936300D45F04 /* Build configuration list for PBXNativeTarget "Alcolater" */ = {
			isa = XCConfigurationList;
			buildConfigurations = (
				694D485F1BAA936300D45F04 /* Debug */,
				694D48601BAA936300D45F04 /* Release */,
			);
			defaultConfigurationIsVisible = 0;
		};
		694D48611BAA936300D45F04 /* Build configuration list for PBXNativeTarget "AlcolaterTests" */ = {
			isa = XCConfigurationList;
			buildConfigurations = (
				694D48621BAA936300D45F04 /* Debug */,
				694D48631BAA936300D45F04 /* Release */,
			);
			defaultConfigurationIsVisible = 0;
		};
/* End XCConfigurationList section */
	};
	rootObject = 694D48331BAA936200D45F04 /* Project object */;
}
